
Microsoft Visual Studio Solution File, Format Version 12.00
# Visual Studio Version 16
VisualStudioVersion = 16.0.29411.108
MinimumVisualStudioVersion = 10.0.40219.1
Project("{FAE04EC0-301F-11D3-BF4B-00C04F79EFBC}") = "FB2Renamer", "FB2Renamer.csproj", "{F83A0BDB-1079-47DB-B5F1-65AA7B1C1975}"
EndProject
Global
	GlobalSection(SolutionConfigurationPlatforms) = preSolution
		Debug|Any CPU = Debug|Any CPU
		Release|Any CPU = Release|Any CPU
	EndGlobalSection
	GlobalSection(ProjectConfigurationPlatforms) = postSolution
		{F83A0BDB-1079-47DB-B5F1-65AA7B1C1975}.Debug|Any CPU.ActiveCfg = Debug|Any CPU
		{F83A0BDB-1079-47DB-B5F1-65AA7B1C1975}.Debug|Any CPU.Build.0 = Debug|Any CPU
		{F83A0BDB-1079-47DB-B5F1-65AA7B1C1975}.Release|Any CPU.ActiveCfg = Release|Any CPU
		{F83A0BDB-1079-47DB-B5F1-65AA7B1C1975}.Release|Any CPU.Build.0 = Release|Any CPU
	EndGlobalSection
	GlobalSection(SolutionProperties) = preSolution
		HideSolutionNode = FALSE
	EndGlobalSection
	GlobalSection(ExtensibilityGlobals) = postSolution
		SolutionGuid = {E04F7958-265A-4285-BE73-99D3B8B0A213}
	EndGlobalSection
EndGlobal
